
Microsoft Visual Studio Solution File, Format Version 12.00
# Visual Studio Version 17
VisualStudioVersion = 17.8.34525.116
MinimumVisualStudioVersion = 10.0.40219.1
Project("{FAE04EC0-301F-11D3-BF4B-00C04F79EFBC}") = "Projeto1", "Projeto1.csproj", "{DE9659B2-7537-410C-B59A-E5D47FB75BC7}"
EndProject
Global
	GlobalSection(SolutionConfigurationPlatforms) = preSolution
		Debug|Any CPU = Debug|Any CPU
		Release|Any CPU = Release|Any CPU
	EndGlobalSection
	GlobalSection(ProjectConfigurationPlatforms) = postSolution
		{DE9659B2-7537-410C-B59A-E5D47FB75BC7}.Debug|Any CPU.ActiveCfg = Debug|Any CPU
		{DE9659B2-7537-410C-B59A-E5D47FB75BC7}.Debug|Any CPU.Build.0 = Debug|Any CPU
		{DE9659B2-7537-410C-B59A-E5D47FB75BC7}.Release|Any CPU.ActiveCfg = Release|Any CPU
		{DE9659B2-7537-410C-B59A-E5D47FB75BC7}.Release|Any CPU.Build.0 = Release|Any CPU
	EndGlobalSection
	GlobalSection(SolutionProperties) = preSolution
		HideSolutionNode = FALSE
	EndGlobalSection
	GlobalSection(ExtensibilityGlobals) = postSolution
		SolutionGuid = {2C0042A6-4EB2-4BE9-93C8-A203886D042E}
	EndGlobalSection
EndGlobal
